
Microsoft Visual Studio Solution File, Format Version 12.00
# Visual Studio Version 16
VisualStudioVersion = 16.6.30114.105
MinimumVisualStudioVersion = 10.0.40219.1
Project("{FAE04EC0-301F-11D3-BF4B-00C04F79EFBC}") = "R5T.D0101.A001", "R5T.D0101.A001\R5T.D0101.A001.csproj", "{1ADAD14E-0C3A-4140-86EE-7F76F0E985BF}"
EndProject
Project("{FAE04EC0-301F-11D3-BF4B-00C04F79EFBC}") = "R5T.D0101.I001", "R5T.D0101.I001\R5T.D0101.I001.csproj", "{6B6CFC56-BB43-4305-90F1-BAB64C6CCC30}"
EndProject
Project("{FAE04EC0-301F-11D3-BF4B-00C04F79EFBC}") = "R5T.D0101.Base", "R5T.D0101.Base\R5T.D0101.Base.csproj", "{3831B3DD-789A-4BB1-93E9-D67E3DDA0F33}"
EndProject
Project("{2150E333-8FDC-42A3-9474-1A3956D46DE8}") = "_Dependencies", "_Dependencies", "{EEBB2BF7-8545-4226-B4E7-24B9BFFE1F8A}"
EndProject
Project("{FAE04EC0-301F-11D3-BF4B-00C04F79EFBC}") = "R5T.Dacia.Extensions", "..\..\R5T.Dacia.Extensions\source\R5T.Dacia.Extensions\R5T.Dacia.Extensions.csproj", "{DB54C1DA-8CB2-4F70-BB69-B53D2B6F2BD7}"
EndProject
Project("{FAE04EC0-301F-11D3-BF4B-00C04F79EFBC}") = "R5T.Dacia.T002", "..\..\R5T.Dacia\source\R5T.Dacia.T002\R5T.Dacia.T002.csproj", "{2CBC11AF-F679-4DED-9B13-A2562C13DF39}"
EndProject
Global
	GlobalSection(SolutionConfigurationPlatforms) = preSolution
		Debug|Any CPU = Debug|Any CPU
		Debug|x64 = Debug|x64
		Debug|x86 = Debug|x86
		Release|Any CPU = Release|Any CPU
		Release|x64 = Release|x64
		Release|x86 = Release|x86
	EndGlobalSection
	GlobalSection(SolutionProperties) = preSolution
		HideSolutionNode = FALSE
	EndGlobalSection
	GlobalSection(ProjectConfigurationPlatforms) = postSolution
		{1ADAD14E-0C3A-4140-86EE-7F76F0E985BF}.Debug|Any CPU.ActiveCfg = Debug|Any CPU
		{1ADAD14E-0C3A-4140-86EE-7F76F0E985BF}.Debug|Any CPU.Build.0 = Debug|Any CPU
		{1ADAD14E-0C3A-4140-86EE-7F76F0E985BF}.Debug|x64.ActiveCfg = Debug|Any CPU
		{1ADAD14E-0C3A-4140-86EE-7F76F0E985BF}.Debug|x64.Build.0 = Debug|Any CPU
		{1ADAD14E-0C3A-4140-86EE-7F76F0E985BF}.Debug|x86.ActiveCfg = Debug|Any CPU
		{1ADAD14E-0C3A-4140-86EE-7F76F0E985BF}.Debug|x86.Build.0 = Debug|Any CPU
		{1ADAD14E-0C3A-4140-86EE-7F76F0E985BF}.Release|Any CPU.ActiveCfg = Release|Any CPU
		{1ADAD14E-0C3A-4140-86EE-7F76F0E985BF}.Release|Any CPU.Build.0 = Release|Any CPU
		{1ADAD14E-0C3A-4140-86EE-7F76F0E985BF}.Release|x64.ActiveCfg = Release|Any CPU
		{1ADAD14E-0C3A-4140-86EE-7F76F0E985BF}.Release|x64.Build.0 = Release|Any CPU
		{1ADAD14E-0C3A-4140-86EE-7F76F0E985BF}.Release|x86.ActiveCfg = Release|Any CPU
		{1ADAD14E-0C3A-4140-86EE-7F76F0E985BF}.Release|x86.Build.0 = Release|Any CPU
		{6B6CFC56-BB43-4305-90F1-BAB64C6CCC30}.Debug|Any CPU.ActiveCfg = Debug|Any CPU
		{6B6CFC56-BB43-4305-90F1-BAB64C6CCC30}.Debug|Any CPU.Build.0 = Debug|Any CPU
		{6B6CFC56-BB43-4305-90F1-BAB64C6CCC30}.Debug|x64.ActiveCfg = Debug|Any CPU
		{6B6CFC56-BB43-4305-90F1-BAB64C6CCC30}.Debug|x64.Build.0 = Debug|Any CPU
		{6B6CFC56-BB43-4305-90F1-BAB64C6CCC30}.Debug|x86.ActiveCfg = Debug|Any CPU
		{6B6CFC56-BB43-4305-90F1-BAB64C6CCC30}.Debug|x86.Build.0 = Debug|Any CPU
		{6B6CFC56-BB43-4305-90F1-BAB64C6CCC30}.Release|Any CPU.ActiveCfg = Release|Any CPU
		{6B6CFC56-BB43-4305-90F1-BAB64C6CCC30}.Release|Any CPU.Build.0 = Release|Any CPU
		{6B6CFC56-BB43-4305-90F1-BAB64C6CCC30}.Release|x64.ActiveCfg = Release|Any CPU
		{6B6CFC56-BB43-4305-90F1-BAB64C6CCC30}.Release|x64.Build.0 = Release|Any CPU
		{6B6CFC56-BB43-4305-90F1-BAB64C6CCC30}.Release|x86.ActiveCfg = Release|Any CPU
		{6B6CFC56-BB43-4305-90F1-BAB64C6CCC30}.Release|x86.Build.0 = Release|Any CPU
		{3831B3DD-789A-4BB1-93E9-D67E3DDA0F33}.Debug|Any CPU.ActiveCfg = Debug|Any CPU
		{3831B3DD-789A-4BB1-93E9-D67E3DDA0F33}.Debug|Any CPU.Build.0 = Debug|Any CPU
		{3831B3DD-789A-4BB1-93E9-D67E3DDA0F33}.Debug|x64.ActiveCfg = Debug|Any CPU
		{3831B3DD-789A-4BB1-93E9-D67E3DDA0F33}.Debug|x64.Build.0 = Debug|Any CPU
		{3831B3DD-789A-4BB1-93E9-D67E3DDA0F33}.Debug|x86.ActiveCfg = Debug|Any CPU
		{3831B3DD-789A-4BB1-93E9-D67E3DDA0F33}.Debug|x86.Build.0 = Debug|Any CPU
		{3831B3DD-789A-4BB1-93E9-D67E3DDA0F33}.Release|Any CPU.ActiveCfg = Release|Any CPU
		{3831B3DD-789A-4BB1-93E9-D67E3DDA0F33}.Release|Any CPU.Build.0 = Release|Any CPU
		{3831B3DD-789A-4BB1-93E9-D67E3DDA0F33}.Release|x64.ActiveCfg = Release|Any CPU
		{3831B3DD-789A-4BB1-93E9-D67E3DDA0F33}.Release|x64.Build.0 = Release|Any CPU
		{3831B3DD-789A-4BB1-93E9-D67E3DDA0F33}.Release|x86.ActiveCfg = Release|Any CPU
		{3831B3DD-789A-4BB1-93E9-D67E3DDA0F33}.Release|x86.Build.0 = Release|Any CPU
		{DB54C1DA-8CB2-4F70-BB69-B53D2B6F2BD7}.Debug|Any CPU.ActiveCfg = Debug|Any CPU
		{DB54C1DA-8CB2-4F70-BB69-B53D2B6F2BD7}.Debug|Any CPU.Build.0 = Debug|Any CPU
		{DB54C1DA-8CB2-4F70-BB69-B53D2B6F2BD7}.Debug|x64.ActiveCfg = Debug|Any CPU
		{DB54C1DA-8CB2-4F70-BB69-B53D2B6F2BD7}.Debug|x64.Build.0 = Debug|Any CPU
		{DB54C1DA-8CB2-4F70-BB69-B53D2B6F2BD7}.Debug|x86.ActiveCfg = Debug|Any CPU
		{DB54C1DA-8CB2-4F70-BB69-B53D2B6F2BD7}.Debug|x86.Build.0 = Debug|Any CPU
		{DB54C1DA-8CB2-4F70-BB69-B53D2B6F2BD7}.Release|Any CPU.ActiveCfg = Release|Any CPU
		{DB54C1DA-8CB2-4F70-BB69-B53D2B6F2BD7}.Release|Any CPU.Build.0 = Release|Any CPU
		{DB54C1DA-8CB2-4F70-BB69-B53D2B6F2BD7}.Release|x64.ActiveCfg = Release|Any CPU
		{DB54C1DA-8CB2-4F70-BB69-B53D2B6F2BD7}.Release|x64.Build.0 = Release|Any CPU
		{DB54C1DA-8CB2-4F70-BB69-B53D2B6F2BD7}.Release|x86.ActiveCfg = Release|Any CPU
		{DB54C1DA-8CB2-4F70-BB69-B53D2B6F2BD7}.Release|x86.Build.0 = Release|Any CPU
		{2CBC11AF-F679-4DED-9B13-A2562C13DF39}.Debug|Any CPU.ActiveCfg = Debug|Any CPU
		{2CBC11AF-F679-4DED-9B13-A2562C13DF39}.Debug|Any CPU.Build.0 = Debug|Any CPU
		{2CBC11AF-F679-4DED-9B13-A2562C13DF39}.Debug|x64.ActiveCfg = Debug|Any CPU
		{2CBC11AF-F679-4DED-9B13-A2562C13DF39}.Debug|x64.Build.0 = Debug|Any CPU
		{2CBC11AF-F679-4DED-9B13-A2562C13DF39}.Debug|x86.ActiveCfg = Debug|Any CPU
		{2CBC11AF-F679-4DED-9B13-A2562C13DF39}.Debug|x86.Build.0 = Debug|Any CPU
		{2CBC11AF-F679-4DED-9B13-A2562C13DF39}.Release|Any CPU.ActiveCfg = Release|Any CPU
		{2CBC11AF-F679-4DED-9B13-A2562C13DF39}.Release|Any CPU.Build.0 = Release|Any CPU
		{2CBC11AF-F679-4DED-9B13-A2562C13DF39}.Release|x64.ActiveCfg = Release|Any CPU
		{2CBC11AF-F679-4DED-9B13-A2562C13DF39}.Release|x64.Build.0 = Release|Any CPU
		{2CBC11AF-F679-4DED-9B13-A2562C13DF39}.Release|x86.ActiveCfg = Release|Any CPU
		{2CBC11AF-F679-4DED-9B13-A2562C13DF39}.Release|x86.Build.0 = Release|Any CPU
	EndGlobalSection
	GlobalSection(NestedProjects) = preSolution
		{DB54C1DA-8CB2-4F70-BB69-B53D2B6F2BD7} = {EEBB2BF7-8545-4226-B4E7-24B9BFFE1F8A}
		{2CBC11AF-F679-4DED-9B13-A2562C13DF39} = {EEBB2BF7-8545-4226-B4E7-24B9BFFE1F8A}
	EndGlobalSection
EndGlobal
