
Microsoft Visual Studio Solution File, Format Version 12.00
# Visual Studio Version 16
VisualStudioVersion = 16.6.30114.105
MinimumVisualStudioVersion = 10.0.40219.1
Project("{FAE04EC0-301F-11D3-BF4B-00C04F79EFBC}") = "R5T.D0101.Construction", "R5T.D0101.Construction\R5T.D0101.Construction.csproj", "{B40EF1B2-29E4-4C8B-8C14-73CD54CA431E}"
EndProject
Project("{2150E333-8FDC-42A3-9474-1A3956D46DE8}") = "_Dependencies", "_Dependencies", "{C7E0BC46-2884-4DFE-A17E-784C59A1339B}"
EndProject
Project("{FAE04EC0-301F-11D3-BF4B-00C04F79EFBC}") = "R5T.Plymouth.ProgramAsAService", "..\..\R5T.Plymouth\source\R5T.Plymouth.ProgramAsAService\R5T.Plymouth.ProgramAsAService.csproj", "{4B9DA68C-EF11-4B1D-ABB6-69024D2E74D6}"
EndProject
Project("{FAE04EC0-301F-11D3-BF4B-00C04F79EFBC}") = "R5T.T0027.T009", "..\..\R5T.T0027\source\R5T.T0027.T009\R5T.T0027.T009.csproj", "{A8198830-EBEA-495A-B74F-7E80DF557A15}"
EndProject
Project("{FAE04EC0-301F-11D3-BF4B-00C04F79EFBC}") = "R5T.D0101.I001", "R5T.D0101.I001\R5T.D0101.I001.csproj", "{C2217906-4BF6-446E-AE6D-D9D8B4AAF9F9}"
EndProject
Project("{FAE04EC0-301F-11D3-BF4B-00C04F79EFBC}") = "R5T.D0101.Base", "R5T.D0101.Base\R5T.D0101.Base.csproj", "{0EDE738E-F8C5-4780-AD8C-6F7AF95F44D4}"
EndProject
Project("{FAE04EC0-301F-11D3-BF4B-00C04F79EFBC}") = "R5T.Dacia.Extensions", "..\..\R5T.Dacia.Extensions\source\R5T.Dacia.Extensions\R5T.Dacia.Extensions.csproj", "{8B42FEAD-8412-4AED-907B-F98AB3168AD2}"
EndProject
Project("{FAE04EC0-301F-11D3-BF4B-00C04F79EFBC}") = "R5T.Dacia.T002", "..\..\R5T.Dacia\source\R5T.Dacia.T002\R5T.Dacia.T002.csproj", "{6B2BB02A-ECB8-49D2-A7E7-CA1305BFAAF8}"
EndProject
Global
	GlobalSection(SolutionConfigurationPlatforms) = preSolution
		Debug|Any CPU = Debug|Any CPU
		Debug|x64 = Debug|x64
		Debug|x86 = Debug|x86
		Release|Any CPU = Release|Any CPU
		Release|x64 = Release|x64
		Release|x86 = Release|x86
	EndGlobalSection
	GlobalSection(SolutionProperties) = preSolution
		HideSolutionNode = FALSE
	EndGlobalSection
	GlobalSection(ProjectConfigurationPlatforms) = postSolution
		{B40EF1B2-29E4-4C8B-8C14-73CD54CA431E}.Debug|Any CPU.ActiveCfg = Debug|Any CPU
		{B40EF1B2-29E4-4C8B-8C14-73CD54CA431E}.Debug|Any CPU.Build.0 = Debug|Any CPU
		{B40EF1B2-29E4-4C8B-8C14-73CD54CA431E}.Debug|x64.ActiveCfg = Debug|Any CPU
		{B40EF1B2-29E4-4C8B-8C14-73CD54CA431E}.Debug|x64.Build.0 = Debug|Any CPU
		{B40EF1B2-29E4-4C8B-8C14-73CD54CA431E}.Debug|x86.ActiveCfg = Debug|Any CPU
		{B40EF1B2-29E4-4C8B-8C14-73CD54CA431E}.Debug|x86.Build.0 = Debug|Any CPU
		{B40EF1B2-29E4-4C8B-8C14-73CD54CA431E}.Release|Any CPU.ActiveCfg = Release|Any CPU
		{B40EF1B2-29E4-4C8B-8C14-73CD54CA431E}.Release|Any CPU.Build.0 = Release|Any CPU
		{B40EF1B2-29E4-4C8B-8C14-73CD54CA431E}.Release|x64.ActiveCfg = Release|Any CPU
		{B40EF1B2-29E4-4C8B-8C14-73CD54CA431E}.Release|x64.Build.0 = Release|Any CPU
		{B40EF1B2-29E4-4C8B-8C14-73CD54CA431E}.Release|x86.ActiveCfg = Release|Any CPU
		{B40EF1B2-29E4-4C8B-8C14-73CD54CA431E}.Release|x86.Build.0 = Release|Any CPU
		{4B9DA68C-EF11-4B1D-ABB6-69024D2E74D6}.Debug|Any CPU.ActiveCfg = Debug|Any CPU
		{4B9DA68C-EF11-4B1D-ABB6-69024D2E74D6}.Debug|Any CPU.Build.0 = Debug|Any CPU
		{4B9DA68C-EF11-4B1D-ABB6-69024D2E74D6}.Debug|x64.ActiveCfg = Debug|Any CPU
		{4B9DA68C-EF11-4B1D-ABB6-69024D2E74D6}.Debug|x64.Build.0 = Debug|Any CPU
		{4B9DA68C-EF11-4B1D-ABB6-69024D2E74D6}.Debug|x86.ActiveCfg = Debug|Any CPU
		{4B9DA68C-EF11-4B1D-ABB6-69024D2E74D6}.Debug|x86.Build.0 = Debug|Any CPU
		{4B9DA68C-EF11-4B1D-ABB6-69024D2E74D6}.Release|Any CPU.ActiveCfg = Release|Any CPU
		{4B9DA68C-EF11-4B1D-ABB6-69024D2E74D6}.Release|Any CPU.Build.0 = Release|Any CPU
		{4B9DA68C-EF11-4B1D-ABB6-69024D2E74D6}.Release|x64.ActiveCfg = Release|Any CPU
		{4B9DA68C-EF11-4B1D-ABB6-69024D2E74D6}.Release|x64.Build.0 = Release|Any CPU
		{4B9DA68C-EF11-4B1D-ABB6-69024D2E74D6}.Release|x86.ActiveCfg = Release|Any CPU
		{4B9DA68C-EF11-4B1D-ABB6-69024D2E74D6}.Release|x86.Build.0 = Release|Any CPU
		{A8198830-EBEA-495A-B74F-7E80DF557A15}.Debug|Any CPU.ActiveCfg = Debug|Any CPU
		{A8198830-EBEA-495A-B74F-7E80DF557A15}.Debug|Any CPU.Build.0 = Debug|Any CPU
		{A8198830-EBEA-495A-B74F-7E80DF557A15}.Debug|x64.ActiveCfg = Debug|Any CPU
		{A8198830-EBEA-495A-B74F-7E80DF557A15}.Debug|x64.Build.0 = Debug|Any CPU
		{A8198830-EBEA-495A-B74F-7E80DF557A15}.Debug|x86.ActiveCfg = Debug|Any CPU
		{A8198830-EBEA-495A-B74F-7E80DF557A15}.Debug|x86.Build.0 = Debug|Any CPU
		{A8198830-EBEA-495A-B74F-7E80DF557A15}.Release|Any CPU.ActiveCfg = Release|Any CPU
		{A8198830-EBEA-495A-B74F-7E80DF557A15}.Release|Any CPU.Build.0 = Release|Any CPU
		{A8198830-EBEA-495A-B74F-7E80DF557A15}.Release|x64.ActiveCfg = Release|Any CPU
		{A8198830-EBEA-495A-B74F-7E80DF557A15}.Release|x64.Build.0 = Release|Any CPU
		{A8198830-EBEA-495A-B74F-7E80DF557A15}.Release|x86.ActiveCfg = Release|Any CPU
		{A8198830-EBEA-495A-B74F-7E80DF557A15}.Release|x86.Build.0 = Release|Any CPU
		{C2217906-4BF6-446E-AE6D-D9D8B4AAF9F9}.Debug|Any CPU.ActiveCfg = Debug|Any CPU
		{C2217906-4BF6-446E-AE6D-D9D8B4AAF9F9}.Debug|Any CPU.Build.0 = Debug|Any CPU
		{C2217906-4BF6-446E-AE6D-D9D8B4AAF9F9}.Debug|x64.ActiveCfg = Debug|Any CPU
		{C2217906-4BF6-446E-AE6D-D9D8B4AAF9F9}.Debug|x64.Build.0 = Debug|Any CPU
		{C2217906-4BF6-446E-AE6D-D9D8B4AAF9F9}.Debug|x86.ActiveCfg = Debug|Any CPU
		{C2217906-4BF6-446E-AE6D-D9D8B4AAF9F9}.Debug|x86.Build.0 = Debug|Any CPU
		{C2217906-4BF6-446E-AE6D-D9D8B4AAF9F9}.Release|Any CPU.ActiveCfg = Release|Any CPU
		{C2217906-4BF6-446E-AE6D-D9D8B4AAF9F9}.Release|Any CPU.Build.0 = Release|Any CPU
		{C2217906-4BF6-446E-AE6D-D9D8B4AAF9F9}.Release|x64.ActiveCfg = Release|Any CPU
		{C2217906-4BF6-446E-AE6D-D9D8B4AAF9F9}.Release|x64.Build.0 = Release|Any CPU
		{C2217906-4BF6-446E-AE6D-D9D8B4AAF9F9}.Release|x86.ActiveCfg = Release|Any CPU
		{C2217906-4BF6-446E-AE6D-D9D8B4AAF9F9}.Release|x86.Build.0 = Release|Any CPU
		{0EDE738E-F8C5-4780-AD8C-6F7AF95F44D4}.Debug|Any CPU.ActiveCfg = Debug|Any CPU
		{0EDE738E-F8C5-4780-AD8C-6F7AF95F44D4}.Debug|Any CPU.Build.0 = Debug|Any CPU
		{0EDE738E-F8C5-4780-AD8C-6F7AF95F44D4}.Debug|x64.ActiveCfg = Debug|Any CPU
		{0EDE738E-F8C5-4780-AD8C-6F7AF95F44D4}.Debug|x64.Build.0 = Debug|Any CPU
		{0EDE738E-F8C5-4780-AD8C-6F7AF95F44D4}.Debug|x86.ActiveCfg = Debug|Any CPU
		{0EDE738E-F8C5-4780-AD8C-6F7AF95F44D4}.Debug|x86.Build.0 = Debug|Any CPU
		{0EDE738E-F8C5-4780-AD8C-6F7AF95F44D4}.Release|Any CPU.ActiveCfg = Release|Any CPU
		{0EDE738E-F8C5-4780-AD8C-6F7AF95F44D4}.Release|Any CPU.Build.0 = Release|Any CPU
		{0EDE738E-F8C5-4780-AD8C-6F7AF95F44D4}.Release|x64.ActiveCfg = Release|Any CPU
		{0EDE738E-F8C5-4780-AD8C-6F7AF95F44D4}.Release|x64.Build.0 = Release|Any CPU
		{0EDE738E-F8C5-4780-AD8C-6F7AF95F44D4}.Release|x86.ActiveCfg = Release|Any CPU
		{0EDE738E-F8C5-4780-AD8C-6F7AF95F44D4}.Release|x86.Build.0 = Release|Any CPU
		{8B42FEAD-8412-4AED-907B-F98AB3168AD2}.Debug|Any CPU.ActiveCfg = Debug|Any CPU
		{8B42FEAD-8412-4AED-907B-F98AB3168AD2}.Debug|Any CPU.Build.0 = Debug|Any CPU
		{8B42FEAD-8412-4AED-907B-F98AB3168AD2}.Debug|x64.ActiveCfg = Debug|Any CPU
		{8B42FEAD-8412-4AED-907B-F98AB3168AD2}.Debug|x64.Build.0 = Debug|Any CPU
		{8B42FEAD-8412-4AED-907B-F98AB3168AD2}.Debug|x86.ActiveCfg = Debug|Any CPU
		{8B42FEAD-8412-4AED-907B-F98AB3168AD2}.Debug|x86.Build.0 = Debug|Any CPU
		{8B42FEAD-8412-4AED-907B-F98AB3168AD2}.Release|Any CPU.ActiveCfg = Release|Any CPU
		{8B42FEAD-8412-4AED-907B-F98AB3168AD2}.Release|Any CPU.Build.0 = Release|Any CPU
		{8B42FEAD-8412-4AED-907B-F98AB3168AD2}.Release|x64.ActiveCfg = Release|Any CPU
		{8B42FEAD-8412-4AED-907B-F98AB3168AD2}.Release|x64.Build.0 = Release|Any CPU
		{8B42FEAD-8412-4AED-907B-F98AB3168AD2}.Release|x86.ActiveCfg = Release|Any CPU
		{8B42FEAD-8412-4AED-907B-F98AB3168AD2}.Release|x86.Build.0 = Release|Any CPU
		{6B2BB02A-ECB8-49D2-A7E7-CA1305BFAAF8}.Debug|Any CPU.ActiveCfg = Debug|Any CPU
		{6B2BB02A-ECB8-49D2-A7E7-CA1305BFAAF8}.Debug|Any CPU.Build.0 = Debug|Any CPU
		{6B2BB02A-ECB8-49D2-A7E7-CA1305BFAAF8}.Debug|x64.ActiveCfg = Debug|Any CPU
		{6B2BB02A-ECB8-49D2-A7E7-CA1305BFAAF8}.Debug|x64.Build.0 = Debug|Any CPU
		{6B2BB02A-ECB8-49D2-A7E7-CA1305BFAAF8}.Debug|x86.ActiveCfg = Debug|Any CPU
		{6B2BB02A-ECB8-49D2-A7E7-CA1305BFAAF8}.Debug|x86.Build.0 = Debug|Any CPU
		{6B2BB02A-ECB8-49D2-A7E7-CA1305BFAAF8}.Release|Any CPU.ActiveCfg = Release|Any CPU
		{6B2BB02A-ECB8-49D2-A7E7-CA1305BFAAF8}.Release|Any CPU.Build.0 = Release|Any CPU
		{6B2BB02A-ECB8-49D2-A7E7-CA1305BFAAF8}.Release|x64.ActiveCfg = Release|Any CPU
		{6B2BB02A-ECB8-49D2-A7E7-CA1305BFAAF8}.Release|x64.Build.0 = Release|Any CPU
		{6B2BB02A-ECB8-49D2-A7E7-CA1305BFAAF8}.Release|x86.ActiveCfg = Release|Any CPU
		{6B2BB02A-ECB8-49D2-A7E7-CA1305BFAAF8}.Release|x86.Build.0 = Release|Any CPU
	EndGlobalSection
	GlobalSection(NestedProjects) = preSolution
		{4B9DA68C-EF11-4B1D-ABB6-69024D2E74D6} = {C7E0BC46-2884-4DFE-A17E-784C59A1339B}
		{A8198830-EBEA-495A-B74F-7E80DF557A15} = {C7E0BC46-2884-4DFE-A17E-784C59A1339B}
		{8B42FEAD-8412-4AED-907B-F98AB3168AD2} = {C7E0BC46-2884-4DFE-A17E-784C59A1339B}
		{6B2BB02A-ECB8-49D2-A7E7-CA1305BFAAF8} = {C7E0BC46-2884-4DFE-A17E-784C59A1339B}
	EndGlobalSection
EndGlobal
