
Microsoft Visual Studio Solution File, Format Version 12.00
# Visual Studio Version 16
VisualStudioVersion = 16.6.30114.105
MinimumVisualStudioVersion = 10.0.40219.1
Project("{9A19103F-16F7-4668-BE54-9A1E7A4F7556}") = "R5T.D0101.Base", "R5T.D0101.Base\R5T.D0101.Base.csproj", "{CCA0299B-D834-47E8-9AA0-70BAE7FD6345}"
EndProject
Project("{2150E333-8FDC-42A3-9474-1A3956D46DE8}") = "_Dependencies", "_Dependencies", "{F06FBAF5-3940-4277-8AFE-BEB96E19BA6E}"
EndProject
Project("{9A19103F-16F7-4668-BE54-9A1E7A4F7556}") = "R5T.D0101.I001", "R5T.D0101.I001\R5T.D0101.I001.csproj", "{09552CB2-AED7-4F40-B8D3-6C232946E43A}"
EndProject
Project("{9A19103F-16F7-4668-BE54-9A1E7A4F7556}") = "R5T.T0064", "..\..\R5T.T0064\source\R5T.T0064\R5T.T0064.csproj", "{C55DF32D-49A5-41CC-8074-BA9CBB8875D1}"
EndProject
Project("{9A19103F-16F7-4668-BE54-9A1E7A4F7556}") = "R5T.Magyar", "..\..\R5T.Magyar\source\R5T.Magyar\R5T.Magyar.csproj", "{38AE006E-D8E6-47B1-AEF6-D021F0237878}"
EndProject
Project("{9A19103F-16F7-4668-BE54-9A1E7A4F7556}") = "R5T.T0097", "..\..\R5T.T0097\source\R5T.T0097\R5T.T0097.csproj", "{2544C00B-552F-41D5-83AB-9513D8301A04}"
EndProject
Project("{9A19103F-16F7-4668-BE54-9A1E7A4F7556}") = "R5T.D0100.Base", "..\..\R5T.D0100\source\R5T.D0100.Base\R5T.D0100.Base.csproj", "{CC12D024-B83D-4625-8EEB-13FB874C1D6D}"
EndProject
Project("{9A19103F-16F7-4668-BE54-9A1E7A4F7556}") = "R5T.T0044.X001", "..\..\R5T.T0044\source\R5T.T0044.X001\R5T.T0044.X001.csproj", "{4F142F96-9086-4AAF-B411-FF09C99DF4AF}"
EndProject
Project("{9A19103F-16F7-4668-BE54-9A1E7A4F7556}") = "R5T.T0057.X002", "..\..\R5T.T0057\source\R5T.T0057.X002\R5T.T0057.X002.csproj", "{262F8CDF-F45D-47D0-A25D-886A8254710D}"
EndProject
Project("{9A19103F-16F7-4668-BE54-9A1E7A4F7556}") = "R5T.L0019.X001", "..\..\R5T.L0019\source\R5T.L0019.X001\R5T.L0019.X001.csproj", "{BE43B344-9E13-4F78-9199-A9E5D0B54776}"
EndProject
Project("{9A19103F-16F7-4668-BE54-9A1E7A4F7556}") = "R5T.T0062.X001", "..\..\R5T.T0062\source\R5T.T0062.X001\R5T.T0062.X001.csproj", "{505C8167-2D4B-46BF-AAE2-5FF1A241470C}"
EndProject
Project("{9A19103F-16F7-4668-BE54-9A1E7A4F7556}") = "R5T.T0094", "..\..\R5T.T0094\source\R5T.T0094\R5T.T0094.csproj", "{9E55AE64-E6D8-419B-AF0B-247450046618}"
EndProject
Project("{9A19103F-16F7-4668-BE54-9A1E7A4F7556}") = "R5T.T0092", "..\..\R5T.T0092\source\R5T.T0092\R5T.T0092.csproj", "{0509470B-90E9-4C2E-88FA-E5AF51EFE5F6}"
EndProject
Project("{9A19103F-16F7-4668-BE54-9A1E7A4F7556}") = "R5T.T0093", "..\..\R5T.T0093\source\R5T.T0093\R5T.T0093.csproj", "{BC3D6640-676E-4D5D-918C-85A1F11BF69A}"
EndProject
Project("{9A19103F-16F7-4668-BE54-9A1E7A4F7556}") = "R5T.T0096.X001", "..\..\R5T.T0096\source\R5T.T0096.X001\R5T.T0096.X001.csproj", "{3376995E-5A32-46BA-BE9A-48537FF1D5C0}"
EndProject
Project("{9A19103F-16F7-4668-BE54-9A1E7A4F7556}") = "R5T.T0096", "..\..\R5T.T0096\source\R5T.T0096\R5T.T0096.csproj", "{08BC1B7B-5B15-4D81-9307-747FB4B81101}"
EndProject
Project("{9A19103F-16F7-4668-BE54-9A1E7A4F7556}") = "R5T.T0039.T002", "..\..\R5T.T0039\source\R5T.T0039.T002\R5T.T0039.T002.csproj", "{5598D4B4-5603-4211-B36A-BFE45BEAFC84}"
EndProject
Project("{9A19103F-16F7-4668-BE54-9A1E7A4F7556}") = "R5T.L0019", "..\..\R5T.L0019\source\R5T.L0019\R5T.L0019.csproj", "{EC2B75B2-5757-45C7-B746-0994A912A1BD}"
EndProject
Project("{9A19103F-16F7-4668-BE54-9A1E7A4F7556}") = "R5T.T0044", "..\..\R5T.T0044\source\R5T.T0044\R5T.T0044.csproj", "{AF00CEF9-B135-4137-B86D-768CC9E0F798}"
EndProject
Project("{9A19103F-16F7-4668-BE54-9A1E7A4F7556}") = "R5T.T0057", "..\..\R5T.T0057\source\R5T.T0057\R5T.T0057.csproj", "{DFE636A2-0D36-4D00-9100-84C6BA7FBD04}"
EndProject
Project("{9A19103F-16F7-4668-BE54-9A1E7A4F7556}") = "R5T.T0063", "..\..\R5T.T0063\source\R5T.T0063\R5T.T0063.csproj", "{7CBA3625-2B0E-42D4-9A84-0C275EA08BAF}"
EndProject
Project("{9A19103F-16F7-4668-BE54-9A1E7A4F7556}") = "R5T.L0013", "..\..\R5T.L0013\source\R5T.L0013\R5T.L0013.csproj", "{8576B3B7-5799-407E-80FD-45A2D4661C75}"
EndProject
Project("{9A19103F-16F7-4668-BE54-9A1E7A4F7556}") = "R5T.T0062", "..\..\R5T.T0062\source\R5T.T0062\R5T.T0062.csproj", "{E1784E33-714A-4C4B-AEB9-B0D1269E132F}"
EndProject
Project("{9A19103F-16F7-4668-BE54-9A1E7A4F7556}") = "R5T.T0092.X001", "..\..\R5T.T0092\source\R5T.T0092.X001\R5T.T0092.X001.csproj", "{2A14EEE9-C4FF-4495-B4F7-5F65283B8F5C}"
EndProject
Project("{9A19103F-16F7-4668-BE54-9A1E7A4F7556}") = "R5T.D0101.X001", "R5T.D0101.X001\R5T.D0101.X001.csproj", "{6EA7EA8C-8979-45FF-A04D-80CF01E40CCB}"
EndProject
Project("{9A19103F-16F7-4668-BE54-9A1E7A4F7556}") = "R5T.T0042.X001", "..\..\R5T.T0042\source\R5T.T0042.X001\R5T.T0042.X001.csproj", "{23A37F5C-0463-4C0B-930C-F7EE3B238344}"
EndProject
Project("{9A19103F-16F7-4668-BE54-9A1E7A4F7556}") = "R5T.T0042", "..\..\R5T.T0042\source\R5T.T0042\R5T.T0042.csproj", "{70CAB75B-123A-465E-8CE7-5E595BBC2569}"
EndProject
Project("{9A19103F-16F7-4668-BE54-9A1E7A4F7556}") = "R5T.T0097.X002", "..\..\R5T.T0097\source\R5T.T0097.X002\R5T.T0097.X002.csproj", "{4E0699A1-06E3-4027-A596-DA00613230BD}"
EndProject
Project("{9A19103F-16F7-4668-BE54-9A1E7A4F7556}") = "R5T.T0055.X001", "..\..\R5T.T0055\source\R5T.T0055.X001\R5T.T0055.X001.csproj", "{8C72BCBD-3AF2-42EF-BF4E-DA3A8F2BAABB}"
EndProject
Project("{9A19103F-16F7-4668-BE54-9A1E7A4F7556}") = "R5T.T0055", "..\..\R5T.T0055\source\R5T.T0055\R5T.T0055.csproj", "{CCAECDD1-CEE9-4694-B8D6-C1D3DD356247}"
EndProject
Project("{9A19103F-16F7-4668-BE54-9A1E7A4F7556}") = "R5T.T0060", "..\..\R5T.T0060\source\R5T.T0060\R5T.T0060.csproj", "{66FC9E41-E849-402C-B85E-7D6ED9AF0421}"
EndProject
Project("{9A19103F-16F7-4668-BE54-9A1E7A4F7556}") = "R5T.T0098", "..\..\R5T.T0098\source\R5T.T0098\R5T.T0098.csproj", "{64B495FB-BBCB-493F-8274-977A1464DD6F}"
EndProject
Project("{9A19103F-16F7-4668-BE54-9A1E7A4F7556}") = "R5T.T0093.X001", "..\..\R5T.T0093\source\R5T.T0093.X001\R5T.T0093.X001.csproj", "{D945B319-CF54-4FA8-960E-DBA28FFCF371}"
EndProject
Project("{9A19103F-16F7-4668-BE54-9A1E7A4F7556}") = "R5T.D0101.I001.T001", "R5T.D0101.I001.T001\R5T.D0101.I001.T001.csproj", "{A66FF538-B5BA-4043-8A58-CDAE4D8B9F78}"
EndProject
Project("{9A19103F-16F7-4668-BE54-9A1E7A4F7556}") = "R5T.D0101.I001.T002", "R5T.D0101.I001.T002\R5T.D0101.I001.T002.csproj", "{07C0563F-9AEE-4F80-AFBE-4620212B3DD1}"
EndProject
Project("{9A19103F-16F7-4668-BE54-9A1E7A4F7556}") = "R5T.T0128", "..\..\R5T.T0128\source\R5T.T0128\R5T.T0128.csproj", "{C5078AE9-7A79-4722-86DA-8E3C8A563005}"
EndProject
Project("{FAE04EC0-301F-11D3-BF4B-00C04F79EFBC}") = "R5T.D0101.I001.T002.X001", "R5T.D0101.I001.T002.X001\R5T.D0101.I001.T002.X001.csproj", "{58663CDE-D4C4-4B30-974E-EF7227D8B245}"
EndProject
Project("{FAE04EC0-301F-11D3-BF4B-00C04F79EFBC}") = "R5T.D0101.X002", "R5T.D0101.X002\R5T.D0101.X002.csproj", "{E231C5F9-2BF4-445C-AEE7-8E43574F981C}"
EndProject
Global
	GlobalSection(SolutionConfigurationPlatforms) = preSolution
		Debug|Any CPU = Debug|Any CPU
		Debug|x64 = Debug|x64
		Debug|x86 = Debug|x86
		Release|Any CPU = Release|Any CPU
		Release|x64 = Release|x64
		Release|x86 = Release|x86
	EndGlobalSection
	GlobalSection(ProjectConfigurationPlatforms) = postSolution
		{CCA0299B-D834-47E8-9AA0-70BAE7FD6345}.Debug|Any CPU.ActiveCfg = Debug|Any CPU
		{CCA0299B-D834-47E8-9AA0-70BAE7FD6345}.Debug|Any CPU.Build.0 = Debug|Any CPU
		{CCA0299B-D834-47E8-9AA0-70BAE7FD6345}.Debug|x64.ActiveCfg = Debug|Any CPU
		{CCA0299B-D834-47E8-9AA0-70BAE7FD6345}.Debug|x64.Build.0 = Debug|Any CPU
		{CCA0299B-D834-47E8-9AA0-70BAE7FD6345}.Debug|x86.ActiveCfg = Debug|Any CPU
		{CCA0299B-D834-47E8-9AA0-70BAE7FD6345}.Debug|x86.Build.0 = Debug|Any CPU
		{CCA0299B-D834-47E8-9AA0-70BAE7FD6345}.Release|Any CPU.ActiveCfg = Release|Any CPU
		{CCA0299B-D834-47E8-9AA0-70BAE7FD6345}.Release|Any CPU.Build.0 = Release|Any CPU
		{CCA0299B-D834-47E8-9AA0-70BAE7FD6345}.Release|x64.ActiveCfg = Release|Any CPU
		{CCA0299B-D834-47E8-9AA0-70BAE7FD6345}.Release|x64.Build.0 = Release|Any CPU
		{CCA0299B-D834-47E8-9AA0-70BAE7FD6345}.Release|x86.ActiveCfg = Release|Any CPU
		{CCA0299B-D834-47E8-9AA0-70BAE7FD6345}.Release|x86.Build.0 = Release|Any CPU
		{09552CB2-AED7-4F40-B8D3-6C232946E43A}.Debug|Any CPU.ActiveCfg = Debug|Any CPU
		{09552CB2-AED7-4F40-B8D3-6C232946E43A}.Debug|Any CPU.Build.0 = Debug|Any CPU
		{09552CB2-AED7-4F40-B8D3-6C232946E43A}.Debug|x64.ActiveCfg = Debug|Any CPU
		{09552CB2-AED7-4F40-B8D3-6C232946E43A}.Debug|x64.Build.0 = Debug|Any CPU
		{09552CB2-AED7-4F40-B8D3-6C232946E43A}.Debug|x86.ActiveCfg = Debug|Any CPU
		{09552CB2-AED7-4F40-B8D3-6C232946E43A}.Debug|x86.Build.0 = Debug|Any CPU
		{09552CB2-AED7-4F40-B8D3-6C232946E43A}.Release|Any CPU.ActiveCfg = Release|Any CPU
		{09552CB2-AED7-4F40-B8D3-6C232946E43A}.Release|Any CPU.Build.0 = Release|Any CPU
		{09552CB2-AED7-4F40-B8D3-6C232946E43A}.Release|x64.ActiveCfg = Release|Any CPU
		{09552CB2-AED7-4F40-B8D3-6C232946E43A}.Release|x64.Build.0 = Release|Any CPU
		{09552CB2-AED7-4F40-B8D3-6C232946E43A}.Release|x86.ActiveCfg = Release|Any CPU
		{09552CB2-AED7-4F40-B8D3-6C232946E43A}.Release|x86.Build.0 = Release|Any CPU
		{C55DF32D-49A5-41CC-8074-BA9CBB8875D1}.Debug|Any CPU.ActiveCfg = Debug|Any CPU
		{C55DF32D-49A5-41CC-8074-BA9CBB8875D1}.Debug|Any CPU.Build.0 = Debug|Any CPU
		{C55DF32D-49A5-41CC-8074-BA9CBB8875D1}.Debug|x64.ActiveCfg = Debug|Any CPU
		{C55DF32D-49A5-41CC-8074-BA9CBB8875D1}.Debug|x64.Build.0 = Debug|Any CPU
		{C55DF32D-49A5-41CC-8074-BA9CBB8875D1}.Debug|x86.ActiveCfg = Debug|Any CPU
		{C55DF32D-49A5-41CC-8074-BA9CBB8875D1}.Debug|x86.Build.0 = Debug|Any CPU
		{C55DF32D-49A5-41CC-8074-BA9CBB8875D1}.Release|Any CPU.ActiveCfg = Release|Any CPU
		{C55DF32D-49A5-41CC-8074-BA9CBB8875D1}.Release|Any CPU.Build.0 = Release|Any CPU
		{C55DF32D-49A5-41CC-8074-BA9CBB8875D1}.Release|x64.ActiveCfg = Release|Any CPU
		{C55DF32D-49A5-41CC-8074-BA9CBB8875D1}.Release|x64.Build.0 = Release|Any CPU
		{C55DF32D-49A5-41CC-8074-BA9CBB8875D1}.Release|x86.ActiveCfg = Release|Any CPU
		{C55DF32D-49A5-41CC-8074-BA9CBB8875D1}.Release|x86.Build.0 = Release|Any CPU
		{38AE006E-D8E6-47B1-AEF6-D021F0237878}.Debug|Any CPU.ActiveCfg = Debug|Any CPU
		{38AE006E-D8E6-47B1-AEF6-D021F0237878}.Debug|Any CPU.Build.0 = Debug|Any CPU
		{38AE006E-D8E6-47B1-AEF6-D021F0237878}.Debug|x64.ActiveCfg = Debug|Any CPU
		{38AE006E-D8E6-47B1-AEF6-D021F0237878}.Debug|x64.Build.0 = Debug|Any CPU
		{38AE006E-D8E6-47B1-AEF6-D021F0237878}.Debug|x86.ActiveCfg = Debug|Any CPU
		{38AE006E-D8E6-47B1-AEF6-D021F0237878}.Debug|x86.Build.0 = Debug|Any CPU
		{38AE006E-D8E6-47B1-AEF6-D021F0237878}.Release|Any CPU.ActiveCfg = Release|Any CPU
		{38AE006E-D8E6-47B1-AEF6-D021F0237878}.Release|Any CPU.Build.0 = Release|Any CPU
		{38AE006E-D8E6-47B1-AEF6-D021F0237878}.Release|x64.ActiveCfg = Release|Any CPU
		{38AE006E-D8E6-47B1-AEF6-D021F0237878}.Release|x64.Build.0 = Release|Any CPU
		{38AE006E-D8E6-47B1-AEF6-D021F0237878}.Release|x86.ActiveCfg = Release|Any CPU
		{38AE006E-D8E6-47B1-AEF6-D021F0237878}.Release|x86.Build.0 = Release|Any CPU
		{2544C00B-552F-41D5-83AB-9513D8301A04}.Debug|Any CPU.ActiveCfg = Debug|Any CPU
		{2544C00B-552F-41D5-83AB-9513D8301A04}.Debug|Any CPU.Build.0 = Debug|Any CPU
		{2544C00B-552F-41D5-83AB-9513D8301A04}.Debug|x64.ActiveCfg = Debug|Any CPU
		{2544C00B-552F-41D5-83AB-9513D8301A04}.Debug|x64.Build.0 = Debug|Any CPU
		{2544C00B-552F-41D5-83AB-9513D8301A04}.Debug|x86.ActiveCfg = Debug|Any CPU
		{2544C00B-552F-41D5-83AB-9513D8301A04}.Debug|x86.Build.0 = Debug|Any CPU
		{2544C00B-552F-41D5-83AB-9513D8301A04}.Release|Any CPU.ActiveCfg = Release|Any CPU
		{2544C00B-552F-41D5-83AB-9513D8301A04}.Release|Any CPU.Build.0 = Release|Any CPU
		{2544C00B-552F-41D5-83AB-9513D8301A04}.Release|x64.ActiveCfg = Release|Any CPU
		{2544C00B-552F-41D5-83AB-9513D8301A04}.Release|x64.Build.0 = Release|Any CPU
		{2544C00B-552F-41D5-83AB-9513D8301A04}.Release|x86.ActiveCfg = Release|Any CPU
		{2544C00B-552F-41D5-83AB-9513D8301A04}.Release|x86.Build.0 = Release|Any CPU
		{CC12D024-B83D-4625-8EEB-13FB874C1D6D}.Debug|Any CPU.ActiveCfg = Debug|Any CPU
		{CC12D024-B83D-4625-8EEB-13FB874C1D6D}.Debug|Any CPU.Build.0 = Debug|Any CPU
		{CC12D024-B83D-4625-8EEB-13FB874C1D6D}.Debug|x64.ActiveCfg = Debug|Any CPU
		{CC12D024-B83D-4625-8EEB-13FB874C1D6D}.Debug|x64.Build.0 = Debug|Any CPU
		{CC12D024-B83D-4625-8EEB-13FB874C1D6D}.Debug|x86.ActiveCfg = Debug|Any CPU
		{CC12D024-B83D-4625-8EEB-13FB874C1D6D}.Debug|x86.Build.0 = Debug|Any CPU
		{CC12D024-B83D-4625-8EEB-13FB874C1D6D}.Release|Any CPU.ActiveCfg = Release|Any CPU
		{CC12D024-B83D-4625-8EEB-13FB874C1D6D}.Release|Any CPU.Build.0 = Release|Any CPU
		{CC12D024-B83D-4625-8EEB-13FB874C1D6D}.Release|x64.ActiveCfg = Release|Any CPU
		{CC12D024-B83D-4625-8EEB-13FB874C1D6D}.Release|x64.Build.0 = Release|Any CPU
		{CC12D024-B83D-4625-8EEB-13FB874C1D6D}.Release|x86.ActiveCfg = Release|Any CPU
		{CC12D024-B83D-4625-8EEB-13FB874C1D6D}.Release|x86.Build.0 = Release|Any CPU
		{4F142F96-9086-4AAF-B411-FF09C99DF4AF}.Debug|Any CPU.ActiveCfg = Debug|Any CPU
		{4F142F96-9086-4AAF-B411-FF09C99DF4AF}.Debug|Any CPU.Build.0 = Debug|Any CPU
		{4F142F96-9086-4AAF-B411-FF09C99DF4AF}.Debug|x64.ActiveCfg = Debug|Any CPU
		{4F142F96-9086-4AAF-B411-FF09C99DF4AF}.Debug|x64.Build.0 = Debug|Any CPU
		{4F142F96-9086-4AAF-B411-FF09C99DF4AF}.Debug|x86.ActiveCfg = Debug|Any CPU
		{4F142F96-9086-4AAF-B411-FF09C99DF4AF}.Debug|x86.Build.0 = Debug|Any CPU
		{4F142F96-9086-4AAF-B411-FF09C99DF4AF}.Release|Any CPU.ActiveCfg = Release|Any CPU
		{4F142F96-9086-4AAF-B411-FF09C99DF4AF}.Release|Any CPU.Build.0 = Release|Any CPU
		{4F142F96-9086-4AAF-B411-FF09C99DF4AF}.Release|x64.ActiveCfg = Release|Any CPU
		{4F142F96-9086-4AAF-B411-FF09C99DF4AF}.Release|x64.Build.0 = Release|Any CPU
		{4F142F96-9086-4AAF-B411-FF09C99DF4AF}.Release|x86.ActiveCfg = Release|Any CPU
		{4F142F96-9086-4AAF-B411-FF09C99DF4AF}.Release|x86.Build.0 = Release|Any CPU
		{262F8CDF-F45D-47D0-A25D-886A8254710D}.Debug|Any CPU.ActiveCfg = Debug|Any CPU
		{262F8CDF-F45D-47D0-A25D-886A8254710D}.Debug|Any CPU.Build.0 = Debug|Any CPU
		{262F8CDF-F45D-47D0-A25D-886A8254710D}.Debug|x64.ActiveCfg = Debug|Any CPU
		{262F8CDF-F45D-47D0-A25D-886A8254710D}.Debug|x64.Build.0 = Debug|Any CPU
		{262F8CDF-F45D-47D0-A25D-886A8254710D}.Debug|x86.ActiveCfg = Debug|Any CPU
		{262F8CDF-F45D-47D0-A25D-886A8254710D}.Debug|x86.Build.0 = Debug|Any CPU
		{262F8CDF-F45D-47D0-A25D-886A8254710D}.Release|Any CPU.ActiveCfg = Release|Any CPU
		{262F8CDF-F45D-47D0-A25D-886A8254710D}.Release|Any CPU.Build.0 = Release|Any CPU
		{262F8CDF-F45D-47D0-A25D-886A8254710D}.Release|x64.ActiveCfg = Release|Any CPU
		{262F8CDF-F45D-47D0-A25D-886A8254710D}.Release|x64.Build.0 = Release|Any CPU
		{262F8CDF-F45D-47D0-A25D-886A8254710D}.Release|x86.ActiveCfg = Release|Any CPU
		{262F8CDF-F45D-47D0-A25D-886A8254710D}.Release|x86.Build.0 = Release|Any CPU
		{BE43B344-9E13-4F78-9199-A9E5D0B54776}.Debug|Any CPU.ActiveCfg = Debug|Any CPU
		{BE43B344-9E13-4F78-9199-A9E5D0B54776}.Debug|Any CPU.Build.0 = Debug|Any CPU
		{BE43B344-9E13-4F78-9199-A9E5D0B54776}.Debug|x64.ActiveCfg = Debug|Any CPU
		{BE43B344-9E13-4F78-9199-A9E5D0B54776}.Debug|x64.Build.0 = Debug|Any CPU
		{BE43B344-9E13-4F78-9199-A9E5D0B54776}.Debug|x86.ActiveCfg = Debug|Any CPU
		{BE43B344-9E13-4F78-9199-A9E5D0B54776}.Debug|x86.Build.0 = Debug|Any CPU
		{BE43B344-9E13-4F78-9199-A9E5D0B54776}.Release|Any CPU.ActiveCfg = Release|Any CPU
		{BE43B344-9E13-4F78-9199-A9E5D0B54776}.Release|Any CPU.Build.0 = Release|Any CPU
		{BE43B344-9E13-4F78-9199-A9E5D0B54776}.Release|x64.ActiveCfg = Release|Any CPU
		{BE43B344-9E13-4F78-9199-A9E5D0B54776}.Release|x64.Build.0 = Release|Any CPU
		{BE43B344-9E13-4F78-9199-A9E5D0B54776}.Release|x86.ActiveCfg = Release|Any CPU
		{BE43B344-9E13-4F78-9199-A9E5D0B54776}.Release|x86.Build.0 = Release|Any CPU
		{505C8167-2D4B-46BF-AAE2-5FF1A241470C}.Debug|Any CPU.ActiveCfg = Debug|Any CPU
		{505C8167-2D4B-46BF-AAE2-5FF1A241470C}.Debug|Any CPU.Build.0 = Debug|Any CPU
		{505C8167-2D4B-46BF-AAE2-5FF1A241470C}.Debug|x64.ActiveCfg = Debug|Any CPU
		{505C8167-2D4B-46BF-AAE2-5FF1A241470C}.Debug|x64.Build.0 = Debug|Any CPU
		{505C8167-2D4B-46BF-AAE2-5FF1A241470C}.Debug|x86.ActiveCfg = Debug|Any CPU
		{505C8167-2D4B-46BF-AAE2-5FF1A241470C}.Debug|x86.Build.0 = Debug|Any CPU
		{505C8167-2D4B-46BF-AAE2-5FF1A241470C}.Release|Any CPU.ActiveCfg = Release|Any CPU
		{505C8167-2D4B-46BF-AAE2-5FF1A241470C}.Release|Any CPU.Build.0 = Release|Any CPU
		{505C8167-2D4B-46BF-AAE2-5FF1A241470C}.Release|x64.ActiveCfg = Release|Any CPU
		{505C8167-2D4B-46BF-AAE2-5FF1A241470C}.Release|x64.Build.0 = Release|Any CPU
		{505C8167-2D4B-46BF-AAE2-5FF1A241470C}.Release|x86.ActiveCfg = Release|Any CPU
		{505C8167-2D4B-46BF-AAE2-5FF1A241470C}.Release|x86.Build.0 = Release|Any CPU
		{9E55AE64-E6D8-419B-AF0B-247450046618}.Debug|Any CPU.ActiveCfg = Debug|Any CPU
		{9E55AE64-E6D8-419B-AF0B-247450046618}.Debug|Any CPU.Build.0 = Debug|Any CPU
		{9E55AE64-E6D8-419B-AF0B-247450046618}.Debug|x64.ActiveCfg = Debug|Any CPU
		{9E55AE64-E6D8-419B-AF0B-247450046618}.Debug|x64.Build.0 = Debug|Any CPU
		{9E55AE64-E6D8-419B-AF0B-247450046618}.Debug|x86.ActiveCfg = Debug|Any CPU
		{9E55AE64-E6D8-419B-AF0B-247450046618}.Debug|x86.Build.0 = Debug|Any CPU
		{9E55AE64-E6D8-419B-AF0B-247450046618}.Release|Any CPU.ActiveCfg = Release|Any CPU
		{9E55AE64-E6D8-419B-AF0B-247450046618}.Release|Any CPU.Build.0 = Release|Any CPU
		{9E55AE64-E6D8-419B-AF0B-247450046618}.Release|x64.ActiveCfg = Release|Any CPU
		{9E55AE64-E6D8-419B-AF0B-247450046618}.Release|x64.Build.0 = Release|Any CPU
		{9E55AE64-E6D8-419B-AF0B-247450046618}.Release|x86.ActiveCfg = Release|Any CPU
		{9E55AE64-E6D8-419B-AF0B-247450046618}.Release|x86.Build.0 = Release|Any CPU
		{0509470B-90E9-4C2E-88FA-E5AF51EFE5F6}.Debug|Any CPU.ActiveCfg = Debug|Any CPU
		{0509470B-90E9-4C2E-88FA-E5AF51EFE5F6}.Debug|Any CPU.Build.0 = Debug|Any CPU
		{0509470B-90E9-4C2E-88FA-E5AF51EFE5F6}.Debug|x64.ActiveCfg = Debug|Any CPU
		{0509470B-90E9-4C2E-88FA-E5AF51EFE5F6}.Debug|x64.Build.0 = Debug|Any CPU
		{0509470B-90E9-4C2E-88FA-E5AF51EFE5F6}.Debug|x86.ActiveCfg = Debug|Any CPU
		{0509470B-90E9-4C2E-88FA-E5AF51EFE5F6}.Debug|x86.Build.0 = Debug|Any CPU
		{0509470B-90E9-4C2E-88FA-E5AF51EFE5F6}.Release|Any CPU.ActiveCfg = Release|Any CPU
		{0509470B-90E9-4C2E-88FA-E5AF51EFE5F6}.Release|Any CPU.Build.0 = Release|Any CPU
		{0509470B-90E9-4C2E-88FA-E5AF51EFE5F6}.Release|x64.ActiveCfg = Release|Any CPU
		{0509470B-90E9-4C2E-88FA-E5AF51EFE5F6}.Release|x64.Build.0 = Release|Any CPU
		{0509470B-90E9-4C2E-88FA-E5AF51EFE5F6}.Release|x86.ActiveCfg = Release|Any CPU
		{0509470B-90E9-4C2E-88FA-E5AF51EFE5F6}.Release|x86.Build.0 = Release|Any CPU
		{BC3D6640-676E-4D5D-918C-85A1F11BF69A}.Debug|Any CPU.ActiveCfg = Debug|Any CPU
		{BC3D6640-676E-4D5D-918C-85A1F11BF69A}.Debug|Any CPU.Build.0 = Debug|Any CPU
		{BC3D6640-676E-4D5D-918C-85A1F11BF69A}.Debug|x64.ActiveCfg = Debug|Any CPU
		{BC3D6640-676E-4D5D-918C-85A1F11BF69A}.Debug|x64.Build.0 = Debug|Any CPU
		{BC3D6640-676E-4D5D-918C-85A1F11BF69A}.Debug|x86.ActiveCfg = Debug|Any CPU
		{BC3D6640-676E-4D5D-918C-85A1F11BF69A}.Debug|x86.Build.0 = Debug|Any CPU
		{BC3D6640-676E-4D5D-918C-85A1F11BF69A}.Release|Any CPU.ActiveCfg = Release|Any CPU
		{BC3D6640-676E-4D5D-918C-85A1F11BF69A}.Release|Any CPU.Build.0 = Release|Any CPU
		{BC3D6640-676E-4D5D-918C-85A1F11BF69A}.Release|x64.ActiveCfg = Release|Any CPU
		{BC3D6640-676E-4D5D-918C-85A1F11BF69A}.Release|x64.Build.0 = Release|Any CPU
		{BC3D6640-676E-4D5D-918C-85A1F11BF69A}.Release|x86.ActiveCfg = Release|Any CPU
		{BC3D6640-676E-4D5D-918C-85A1F11BF69A}.Release|x86.Build.0 = Release|Any CPU
		{3376995E-5A32-46BA-BE9A-48537FF1D5C0}.Debug|Any CPU.ActiveCfg = Debug|Any CPU
		{3376995E-5A32-46BA-BE9A-48537FF1D5C0}.Debug|Any CPU.Build.0 = Debug|Any CPU
		{3376995E-5A32-46BA-BE9A-48537FF1D5C0}.Debug|x64.ActiveCfg = Debug|Any CPU
		{3376995E-5A32-46BA-BE9A-48537FF1D5C0}.Debug|x64.Build.0 = Debug|Any CPU
		{3376995E-5A32-46BA-BE9A-48537FF1D5C0}.Debug|x86.ActiveCfg = Debug|Any CPU
		{3376995E-5A32-46BA-BE9A-48537FF1D5C0}.Debug|x86.Build.0 = Debug|Any CPU
		{3376995E-5A32-46BA-BE9A-48537FF1D5C0}.Release|Any CPU.ActiveCfg = Release|Any CPU
		{3376995E-5A32-46BA-BE9A-48537FF1D5C0}.Release|Any CPU.Build.0 = Release|Any CPU
		{3376995E-5A32-46BA-BE9A-48537FF1D5C0}.Release|x64.ActiveCfg = Release|Any CPU
		{3376995E-5A32-46BA-BE9A-48537FF1D5C0}.Release|x64.Build.0 = Release|Any CPU
		{3376995E-5A32-46BA-BE9A-48537FF1D5C0}.Release|x86.ActiveCfg = Release|Any CPU
		{3376995E-5A32-46BA-BE9A-48537FF1D5C0}.Release|x86.Build.0 = Release|Any CPU
		{08BC1B7B-5B15-4D81-9307-747FB4B81101}.Debug|Any CPU.ActiveCfg = Debug|Any CPU
		{08BC1B7B-5B15-4D81-9307-747FB4B81101}.Debug|Any CPU.Build.0 = Debug|Any CPU
		{08BC1B7B-5B15-4D81-9307-747FB4B81101}.Debug|x64.ActiveCfg = Debug|Any CPU
		{08BC1B7B-5B15-4D81-9307-747FB4B81101}.Debug|x64.Build.0 = Debug|Any CPU
		{08BC1B7B-5B15-4D81-9307-747FB4B81101}.Debug|x86.ActiveCfg = Debug|Any CPU
		{08BC1B7B-5B15-4D81-9307-747FB4B81101}.Debug|x86.Build.0 = Debug|Any CPU
		{08BC1B7B-5B15-4D81-9307-747FB4B81101}.Release|Any CPU.ActiveCfg = Release|Any CPU
		{08BC1B7B-5B15-4D81-9307-747FB4B81101}.Release|Any CPU.Build.0 = Release|Any CPU
		{08BC1B7B-5B15-4D81-9307-747FB4B81101}.Release|x64.ActiveCfg = Release|Any CPU
		{08BC1B7B-5B15-4D81-9307-747FB4B81101}.Release|x64.Build.0 = Release|Any CPU
		{08BC1B7B-5B15-4D81-9307-747FB4B81101}.Release|x86.ActiveCfg = Release|Any CPU
		{08BC1B7B-5B15-4D81-9307-747FB4B81101}.Release|x86.Build.0 = Release|Any CPU
		{5598D4B4-5603-4211-B36A-BFE45BEAFC84}.Debug|Any CPU.ActiveCfg = Debug|Any CPU
		{5598D4B4-5603-4211-B36A-BFE45BEAFC84}.Debug|Any CPU.Build.0 = Debug|Any CPU
		{5598D4B4-5603-4211-B36A-BFE45BEAFC84}.Debug|x64.ActiveCfg = Debug|Any CPU
		{5598D4B4-5603-4211-B36A-BFE45BEAFC84}.Debug|x64.Build.0 = Debug|Any CPU
		{5598D4B4-5603-4211-B36A-BFE45BEAFC84}.Debug|x86.ActiveCfg = Debug|Any CPU
		{5598D4B4-5603-4211-B36A-BFE45BEAFC84}.Debug|x86.Build.0 = Debug|Any CPU
		{5598D4B4-5603-4211-B36A-BFE45BEAFC84}.Release|Any CPU.ActiveCfg = Release|Any CPU
		{5598D4B4-5603-4211-B36A-BFE45BEAFC84}.Release|Any CPU.Build.0 = Release|Any CPU
		{5598D4B4-5603-4211-B36A-BFE45BEAFC84}.Release|x64.ActiveCfg = Release|Any CPU
		{5598D4B4-5603-4211-B36A-BFE45BEAFC84}.Release|x64.Build.0 = Release|Any CPU
		{5598D4B4-5603-4211-B36A-BFE45BEAFC84}.Release|x86.ActiveCfg = Release|Any CPU
		{5598D4B4-5603-4211-B36A-BFE45BEAFC84}.Release|x86.Build.0 = Release|Any CPU
		{EC2B75B2-5757-45C7-B746-0994A912A1BD}.Debug|Any CPU.ActiveCfg = Debug|Any CPU
		{EC2B75B2-5757-45C7-B746-0994A912A1BD}.Debug|Any CPU.Build.0 = Debug|Any CPU
		{EC2B75B2-5757-45C7-B746-0994A912A1BD}.Debug|x64.ActiveCfg = Debug|Any CPU
		{EC2B75B2-5757-45C7-B746-0994A912A1BD}.Debug|x64.Build.0 = Debug|Any CPU
		{EC2B75B2-5757-45C7-B746-0994A912A1BD}.Debug|x86.ActiveCfg = Debug|Any CPU
		{EC2B75B2-5757-45C7-B746-0994A912A1BD}.Debug|x86.Build.0 = Debug|Any CPU
		{EC2B75B2-5757-45C7-B746-0994A912A1BD}.Release|Any CPU.ActiveCfg = Release|Any CPU
		{EC2B75B2-5757-45C7-B746-0994A912A1BD}.Release|Any CPU.Build.0 = Release|Any CPU
		{EC2B75B2-5757-45C7-B746-0994A912A1BD}.Release|x64.ActiveCfg = Release|Any CPU
		{EC2B75B2-5757-45C7-B746-0994A912A1BD}.Release|x64.Build.0 = Release|Any CPU
		{EC2B75B2-5757-45C7-B746-0994A912A1BD}.Release|x86.ActiveCfg = Release|Any CPU
		{EC2B75B2-5757-45C7-B746-0994A912A1BD}.Release|x86.Build.0 = Release|Any CPU
		{AF00CEF9-B135-4137-B86D-768CC9E0F798}.Debug|Any CPU.ActiveCfg = Debug|Any CPU
		{AF00CEF9-B135-4137-B86D-768CC9E0F798}.Debug|Any CPU.Build.0 = Debug|Any CPU
		{AF00CEF9-B135-4137-B86D-768CC9E0F798}.Debug|x64.ActiveCfg = Debug|Any CPU
		{AF00CEF9-B135-4137-B86D-768CC9E0F798}.Debug|x64.Build.0 = Debug|Any CPU
		{AF00CEF9-B135-4137-B86D-768CC9E0F798}.Debug|x86.ActiveCfg = Debug|Any CPU
		{AF00CEF9-B135-4137-B86D-768CC9E0F798}.Debug|x86.Build.0 = Debug|Any CPU
		{AF00CEF9-B135-4137-B86D-768CC9E0F798}.Release|Any CPU.ActiveCfg = Release|Any CPU
		{AF00CEF9-B135-4137-B86D-768CC9E0F798}.Release|Any CPU.Build.0 = Release|Any CPU
		{AF00CEF9-B135-4137-B86D-768CC9E0F798}.Release|x64.ActiveCfg = Release|Any CPU
		{AF00CEF9-B135-4137-B86D-768CC9E0F798}.Release|x64.Build.0 = Release|Any CPU
		{AF00CEF9-B135-4137-B86D-768CC9E0F798}.Release|x86.ActiveCfg = Release|Any CPU
		{AF00CEF9-B135-4137-B86D-768CC9E0F798}.Release|x86.Build.0 = Release|Any CPU
		{DFE636A2-0D36-4D00-9100-84C6BA7FBD04}.Debug|Any CPU.ActiveCfg = Debug|Any CPU
		{DFE636A2-0D36-4D00-9100-84C6BA7FBD04}.Debug|Any CPU.Build.0 = Debug|Any CPU
		{DFE636A2-0D36-4D00-9100-84C6BA7FBD04}.Debug|x64.ActiveCfg = Debug|Any CPU
		{DFE636A2-0D36-4D00-9100-84C6BA7FBD04}.Debug|x64.Build.0 = Debug|Any CPU
		{DFE636A2-0D36-4D00-9100-84C6BA7FBD04}.Debug|x86.ActiveCfg = Debug|Any CPU
		{DFE636A2-0D36-4D00-9100-84C6BA7FBD04}.Debug|x86.Build.0 = Debug|Any CPU
		{DFE636A2-0D36-4D00-9100-84C6BA7FBD04}.Release|Any CPU.ActiveCfg = Release|Any CPU
		{DFE636A2-0D36-4D00-9100-84C6BA7FBD04}.Release|Any CPU.Build.0 = Release|Any CPU
		{DFE636A2-0D36-4D00-9100-84C6BA7FBD04}.Release|x64.ActiveCfg = Release|Any CPU
		{DFE636A2-0D36-4D00-9100-84C6BA7FBD04}.Release|x64.Build.0 = Release|Any CPU
		{DFE636A2-0D36-4D00-9100-84C6BA7FBD04}.Release|x86.ActiveCfg = Release|Any CPU
		{DFE636A2-0D36-4D00-9100-84C6BA7FBD04}.Release|x86.Build.0 = Release|Any CPU
		{7CBA3625-2B0E-42D4-9A84-0C275EA08BAF}.Debug|Any CPU.ActiveCfg = Debug|Any CPU
		{7CBA3625-2B0E-42D4-9A84-0C275EA08BAF}.Debug|Any CPU.Build.0 = Debug|Any CPU
		{7CBA3625-2B0E-42D4-9A84-0C275EA08BAF}.Debug|x64.ActiveCfg = Debug|Any CPU
		{7CBA3625-2B0E-42D4-9A84-0C275EA08BAF}.Debug|x64.Build.0 = Debug|Any CPU
		{7CBA3625-2B0E-42D4-9A84-0C275EA08BAF}.Debug|x86.ActiveCfg = Debug|Any CPU
		{7CBA3625-2B0E-42D4-9A84-0C275EA08BAF}.Debug|x86.Build.0 = Debug|Any CPU
		{7CBA3625-2B0E-42D4-9A84-0C275EA08BAF}.Release|Any CPU.ActiveCfg = Release|Any CPU
		{7CBA3625-2B0E-42D4-9A84-0C275EA08BAF}.Release|Any CPU.Build.0 = Release|Any CPU
		{7CBA3625-2B0E-42D4-9A84-0C275EA08BAF}.Release|x64.ActiveCfg = Release|Any CPU
		{7CBA3625-2B0E-42D4-9A84-0C275EA08BAF}.Release|x64.Build.0 = Release|Any CPU
		{7CBA3625-2B0E-42D4-9A84-0C275EA08BAF}.Release|x86.ActiveCfg = Release|Any CPU
		{7CBA3625-2B0E-42D4-9A84-0C275EA08BAF}.Release|x86.Build.0 = Release|Any CPU
		{8576B3B7-5799-407E-80FD-45A2D4661C75}.Debug|Any CPU.ActiveCfg = Debug|Any CPU
		{8576B3B7-5799-407E-80FD-45A2D4661C75}.Debug|Any CPU.Build.0 = Debug|Any CPU
		{8576B3B7-5799-407E-80FD-45A2D4661C75}.Debug|x64.ActiveCfg = Debug|Any CPU
		{8576B3B7-5799-407E-80FD-45A2D4661C75}.Debug|x64.Build.0 = Debug|Any CPU
		{8576B3B7-5799-407E-80FD-45A2D4661C75}.Debug|x86.ActiveCfg = Debug|Any CPU
		{8576B3B7-5799-407E-80FD-45A2D4661C75}.Debug|x86.Build.0 = Debug|Any CPU
		{8576B3B7-5799-407E-80FD-45A2D4661C75}.Release|Any CPU.ActiveCfg = Release|Any CPU
		{8576B3B7-5799-407E-80FD-45A2D4661C75}.Release|Any CPU.Build.0 = Release|Any CPU
		{8576B3B7-5799-407E-80FD-45A2D4661C75}.Release|x64.ActiveCfg = Release|Any CPU
		{8576B3B7-5799-407E-80FD-45A2D4661C75}.Release|x64.Build.0 = Release|Any CPU
		{8576B3B7-5799-407E-80FD-45A2D4661C75}.Release|x86.ActiveCfg = Release|Any CPU
		{8576B3B7-5799-407E-80FD-45A2D4661C75}.Release|x86.Build.0 = Release|Any CPU
		{E1784E33-714A-4C4B-AEB9-B0D1269E132F}.Debug|Any CPU.ActiveCfg = Debug|Any CPU
		{E1784E33-714A-4C4B-AEB9-B0D1269E132F}.Debug|Any CPU.Build.0 = Debug|Any CPU
		{E1784E33-714A-4C4B-AEB9-B0D1269E132F}.Debug|x64.ActiveCfg = Debug|Any CPU
		{E1784E33-714A-4C4B-AEB9-B0D1269E132F}.Debug|x64.Build.0 = Debug|Any CPU
		{E1784E33-714A-4C4B-AEB9-B0D1269E132F}.Debug|x86.ActiveCfg = Debug|Any CPU
		{E1784E33-714A-4C4B-AEB9-B0D1269E132F}.Debug|x86.Build.0 = Debug|Any CPU
		{E1784E33-714A-4C4B-AEB9-B0D1269E132F}.Release|Any CPU.ActiveCfg = Release|Any CPU
		{E1784E33-714A-4C4B-AEB9-B0D1269E132F}.Release|Any CPU.Build.0 = Release|Any CPU
		{E1784E33-714A-4C4B-AEB9-B0D1269E132F}.Release|x64.ActiveCfg = Release|Any CPU
		{E1784E33-714A-4C4B-AEB9-B0D1269E132F}.Release|x64.Build.0 = Release|Any CPU
		{E1784E33-714A-4C4B-AEB9-B0D1269E132F}.Release|x86.ActiveCfg = Release|Any CPU
		{E1784E33-714A-4C4B-AEB9-B0D1269E132F}.Release|x86.Build.0 = Release|Any CPU
		{2A14EEE9-C4FF-4495-B4F7-5F65283B8F5C}.Debug|Any CPU.ActiveCfg = Debug|Any CPU
		{2A14EEE9-C4FF-4495-B4F7-5F65283B8F5C}.Debug|Any CPU.Build.0 = Debug|Any CPU
		{2A14EEE9-C4FF-4495-B4F7-5F65283B8F5C}.Debug|x64.ActiveCfg = Debug|Any CPU
		{2A14EEE9-C4FF-4495-B4F7-5F65283B8F5C}.Debug|x64.Build.0 = Debug|Any CPU
		{2A14EEE9-C4FF-4495-B4F7-5F65283B8F5C}.Debug|x86.ActiveCfg = Debug|Any CPU
		{2A14EEE9-C4FF-4495-B4F7-5F65283B8F5C}.Debug|x86.Build.0 = Debug|Any CPU
		{2A14EEE9-C4FF-4495-B4F7-5F65283B8F5C}.Release|Any CPU.ActiveCfg = Release|Any CPU
		{2A14EEE9-C4FF-4495-B4F7-5F65283B8F5C}.Release|Any CPU.Build.0 = Release|Any CPU
		{2A14EEE9-C4FF-4495-B4F7-5F65283B8F5C}.Release|x64.ActiveCfg = Release|Any CPU
		{2A14EEE9-C4FF-4495-B4F7-5F65283B8F5C}.Release|x64.Build.0 = Release|Any CPU
		{2A14EEE9-C4FF-4495-B4F7-5F65283B8F5C}.Release|x86.ActiveCfg = Release|Any CPU
		{2A14EEE9-C4FF-4495-B4F7-5F65283B8F5C}.Release|x86.Build.0 = Release|Any CPU
		{6EA7EA8C-8979-45FF-A04D-80CF01E40CCB}.Debug|Any CPU.ActiveCfg = Debug|Any CPU
		{6EA7EA8C-8979-45FF-A04D-80CF01E40CCB}.Debug|Any CPU.Build.0 = Debug|Any CPU
		{6EA7EA8C-8979-45FF-A04D-80CF01E40CCB}.Debug|x64.ActiveCfg = Debug|Any CPU
		{6EA7EA8C-8979-45FF-A04D-80CF01E40CCB}.Debug|x64.Build.0 = Debug|Any CPU
		{6EA7EA8C-8979-45FF-A04D-80CF01E40CCB}.Debug|x86.ActiveCfg = Debug|Any CPU
		{6EA7EA8C-8979-45FF-A04D-80CF01E40CCB}.Debug|x86.Build.0 = Debug|Any CPU
		{6EA7EA8C-8979-45FF-A04D-80CF01E40CCB}.Release|Any CPU.ActiveCfg = Release|Any CPU
		{6EA7EA8C-8979-45FF-A04D-80CF01E40CCB}.Release|Any CPU.Build.0 = Release|Any CPU
		{6EA7EA8C-8979-45FF-A04D-80CF01E40CCB}.Release|x64.ActiveCfg = Release|Any CPU
		{6EA7EA8C-8979-45FF-A04D-80CF01E40CCB}.Release|x64.Build.0 = Release|Any CPU
		{6EA7EA8C-8979-45FF-A04D-80CF01E40CCB}.Release|x86.ActiveCfg = Release|Any CPU
		{6EA7EA8C-8979-45FF-A04D-80CF01E40CCB}.Release|x86.Build.0 = Release|Any CPU
		{23A37F5C-0463-4C0B-930C-F7EE3B238344}.Debug|Any CPU.ActiveCfg = Debug|Any CPU
		{23A37F5C-0463-4C0B-930C-F7EE3B238344}.Debug|Any CPU.Build.0 = Debug|Any CPU
		{23A37F5C-0463-4C0B-930C-F7EE3B238344}.Debug|x64.ActiveCfg = Debug|Any CPU
		{23A37F5C-0463-4C0B-930C-F7EE3B238344}.Debug|x64.Build.0 = Debug|Any CPU
		{23A37F5C-0463-4C0B-930C-F7EE3B238344}.Debug|x86.ActiveCfg = Debug|Any CPU
		{23A37F5C-0463-4C0B-930C-F7EE3B238344}.Debug|x86.Build.0 = Debug|Any CPU
		{23A37F5C-0463-4C0B-930C-F7EE3B238344}.Release|Any CPU.ActiveCfg = Release|Any CPU
		{23A37F5C-0463-4C0B-930C-F7EE3B238344}.Release|Any CPU.Build.0 = Release|Any CPU
		{23A37F5C-0463-4C0B-930C-F7EE3B238344}.Release|x64.ActiveCfg = Release|Any CPU
		{23A37F5C-0463-4C0B-930C-F7EE3B238344}.Release|x64.Build.0 = Release|Any CPU
		{23A37F5C-0463-4C0B-930C-F7EE3B238344}.Release|x86.ActiveCfg = Release|Any CPU
		{23A37F5C-0463-4C0B-930C-F7EE3B238344}.Release|x86.Build.0 = Release|Any CPU
		{70CAB75B-123A-465E-8CE7-5E595BBC2569}.Debug|Any CPU.ActiveCfg = Debug|Any CPU
		{70CAB75B-123A-465E-8CE7-5E595BBC2569}.Debug|Any CPU.Build.0 = Debug|Any CPU
		{70CAB75B-123A-465E-8CE7-5E595BBC2569}.Debug|x64.ActiveCfg = Debug|Any CPU
		{70CAB75B-123A-465E-8CE7-5E595BBC2569}.Debug|x64.Build.0 = Debug|Any CPU
		{70CAB75B-123A-465E-8CE7-5E595BBC2569}.Debug|x86.ActiveCfg = Debug|Any CPU
		{70CAB75B-123A-465E-8CE7-5E595BBC2569}.Debug|x86.Build.0 = Debug|Any CPU
		{70CAB75B-123A-465E-8CE7-5E595BBC2569}.Release|Any CPU.ActiveCfg = Release|Any CPU
		{70CAB75B-123A-465E-8CE7-5E595BBC2569}.Release|Any CPU.Build.0 = Release|Any CPU
		{70CAB75B-123A-465E-8CE7-5E595BBC2569}.Release|x64.ActiveCfg = Release|Any CPU
		{70CAB75B-123A-465E-8CE7-5E595BBC2569}.Release|x64.Build.0 = Release|Any CPU
		{70CAB75B-123A-465E-8CE7-5E595BBC2569}.Release|x86.ActiveCfg = Release|Any CPU
		{70CAB75B-123A-465E-8CE7-5E595BBC2569}.Release|x86.Build.0 = Release|Any CPU
		{4E0699A1-06E3-4027-A596-DA00613230BD}.Debug|Any CPU.ActiveCfg = Debug|Any CPU
		{4E0699A1-06E3-4027-A596-DA00613230BD}.Debug|Any CPU.Build.0 = Debug|Any CPU
		{4E0699A1-06E3-4027-A596-DA00613230BD}.Debug|x64.ActiveCfg = Debug|Any CPU
		{4E0699A1-06E3-4027-A596-DA00613230BD}.Debug|x64.Build.0 = Debug|Any CPU
		{4E0699A1-06E3-4027-A596-DA00613230BD}.Debug|x86.ActiveCfg = Debug|Any CPU
		{4E0699A1-06E3-4027-A596-DA00613230BD}.Debug|x86.Build.0 = Debug|Any CPU
		{4E0699A1-06E3-4027-A596-DA00613230BD}.Release|Any CPU.ActiveCfg = Release|Any CPU
		{4E0699A1-06E3-4027-A596-DA00613230BD}.Release|Any CPU.Build.0 = Release|Any CPU
		{4E0699A1-06E3-4027-A596-DA00613230BD}.Release|x64.ActiveCfg = Release|Any CPU
		{4E0699A1-06E3-4027-A596-DA00613230BD}.Release|x64.Build.0 = Release|Any CPU
		{4E0699A1-06E3-4027-A596-DA00613230BD}.Release|x86.ActiveCfg = Release|Any CPU
		{4E0699A1-06E3-4027-A596-DA00613230BD}.Release|x86.Build.0 = Release|Any CPU
		{8C72BCBD-3AF2-42EF-BF4E-DA3A8F2BAABB}.Debug|Any CPU.ActiveCfg = Debug|Any CPU
		{8C72BCBD-3AF2-42EF-BF4E-DA3A8F2BAABB}.Debug|Any CPU.Build.0 = Debug|Any CPU
		{8C72BCBD-3AF2-42EF-BF4E-DA3A8F2BAABB}.Debug|x64.ActiveCfg = Debug|Any CPU
		{8C72BCBD-3AF2-42EF-BF4E-DA3A8F2BAABB}.Debug|x64.Build.0 = Debug|Any CPU
		{8C72BCBD-3AF2-42EF-BF4E-DA3A8F2BAABB}.Debug|x86.ActiveCfg = Debug|Any CPU
		{8C72BCBD-3AF2-42EF-BF4E-DA3A8F2BAABB}.Debug|x86.Build.0 = Debug|Any CPU
		{8C72BCBD-3AF2-42EF-BF4E-DA3A8F2BAABB}.Release|Any CPU.ActiveCfg = Release|Any CPU
		{8C72BCBD-3AF2-42EF-BF4E-DA3A8F2BAABB}.Release|Any CPU.Build.0 = Release|Any CPU
		{8C72BCBD-3AF2-42EF-BF4E-DA3A8F2BAABB}.Release|x64.ActiveCfg = Release|Any CPU
		{8C72BCBD-3AF2-42EF-BF4E-DA3A8F2BAABB}.Release|x64.Build.0 = Release|Any CPU
		{8C72BCBD-3AF2-42EF-BF4E-DA3A8F2BAABB}.Release|x86.ActiveCfg = Release|Any CPU
		{8C72BCBD-3AF2-42EF-BF4E-DA3A8F2BAABB}.Release|x86.Build.0 = Release|Any CPU
		{CCAECDD1-CEE9-4694-B8D6-C1D3DD356247}.Debug|Any CPU.ActiveCfg = Debug|Any CPU
		{CCAECDD1-CEE9-4694-B8D6-C1D3DD356247}.Debug|Any CPU.Build.0 = Debug|Any CPU
		{CCAECDD1-CEE9-4694-B8D6-C1D3DD356247}.Debug|x64.ActiveCfg = Debug|Any CPU
		{CCAECDD1-CEE9-4694-B8D6-C1D3DD356247}.Debug|x64.Build.0 = Debug|Any CPU
		{CCAECDD1-CEE9-4694-B8D6-C1D3DD356247}.Debug|x86.ActiveCfg = Debug|Any CPU
		{CCAECDD1-CEE9-4694-B8D6-C1D3DD356247}.Debug|x86.Build.0 = Debug|Any CPU
		{CCAECDD1-CEE9-4694-B8D6-C1D3DD356247}.Release|Any CPU.ActiveCfg = Release|Any CPU
		{CCAECDD1-CEE9-4694-B8D6-C1D3DD356247}.Release|Any CPU.Build.0 = Release|Any CPU
		{CCAECDD1-CEE9-4694-B8D6-C1D3DD356247}.Release|x64.ActiveCfg = Release|Any CPU
		{CCAECDD1-CEE9-4694-B8D6-C1D3DD356247}.Release|x64.Build.0 = Release|Any CPU
		{CCAECDD1-CEE9-4694-B8D6-C1D3DD356247}.Release|x86.ActiveCfg = Release|Any CPU
		{CCAECDD1-CEE9-4694-B8D6-C1D3DD356247}.Release|x86.Build.0 = Release|Any CPU
		{66FC9E41-E849-402C-B85E-7D6ED9AF0421}.Debug|Any CPU.ActiveCfg = Debug|Any CPU
		{66FC9E41-E849-402C-B85E-7D6ED9AF0421}.Debug|Any CPU.Build.0 = Debug|Any CPU
		{66FC9E41-E849-402C-B85E-7D6ED9AF0421}.Debug|x64.ActiveCfg = Debug|Any CPU
		{66FC9E41-E849-402C-B85E-7D6ED9AF0421}.Debug|x64.Build.0 = Debug|Any CPU
		{66FC9E41-E849-402C-B85E-7D6ED9AF0421}.Debug|x86.ActiveCfg = Debug|Any CPU
		{66FC9E41-E849-402C-B85E-7D6ED9AF0421}.Debug|x86.Build.0 = Debug|Any CPU
		{66FC9E41-E849-402C-B85E-7D6ED9AF0421}.Release|Any CPU.ActiveCfg = Release|Any CPU
		{66FC9E41-E849-402C-B85E-7D6ED9AF0421}.Release|Any CPU.Build.0 = Release|Any CPU
		{66FC9E41-E849-402C-B85E-7D6ED9AF0421}.Release|x64.ActiveCfg = Release|Any CPU
		{66FC9E41-E849-402C-B85E-7D6ED9AF0421}.Release|x64.Build.0 = Release|Any CPU
		{66FC9E41-E849-402C-B85E-7D6ED9AF0421}.Release|x86.ActiveCfg = Release|Any CPU
		{66FC9E41-E849-402C-B85E-7D6ED9AF0421}.Release|x86.Build.0 = Release|Any CPU
		{64B495FB-BBCB-493F-8274-977A1464DD6F}.Debug|Any CPU.ActiveCfg = Debug|Any CPU
		{64B495FB-BBCB-493F-8274-977A1464DD6F}.Debug|Any CPU.Build.0 = Debug|Any CPU
		{64B495FB-BBCB-493F-8274-977A1464DD6F}.Debug|x64.ActiveCfg = Debug|Any CPU
		{64B495FB-BBCB-493F-8274-977A1464DD6F}.Debug|x64.Build.0 = Debug|Any CPU
		{64B495FB-BBCB-493F-8274-977A1464DD6F}.Debug|x86.ActiveCfg = Debug|Any CPU
		{64B495FB-BBCB-493F-8274-977A1464DD6F}.Debug|x86.Build.0 = Debug|Any CPU
		{64B495FB-BBCB-493F-8274-977A1464DD6F}.Release|Any CPU.ActiveCfg = Release|Any CPU
		{64B495FB-BBCB-493F-8274-977A1464DD6F}.Release|Any CPU.Build.0 = Release|Any CPU
		{64B495FB-BBCB-493F-8274-977A1464DD6F}.Release|x64.ActiveCfg = Release|Any CPU
		{64B495FB-BBCB-493F-8274-977A1464DD6F}.Release|x64.Build.0 = Release|Any CPU
		{64B495FB-BBCB-493F-8274-977A1464DD6F}.Release|x86.ActiveCfg = Release|Any CPU
		{64B495FB-BBCB-493F-8274-977A1464DD6F}.Release|x86.Build.0 = Release|Any CPU
		{D945B319-CF54-4FA8-960E-DBA28FFCF371}.Debug|Any CPU.ActiveCfg = Debug|Any CPU
		{D945B319-CF54-4FA8-960E-DBA28FFCF371}.Debug|Any CPU.Build.0 = Debug|Any CPU
		{D945B319-CF54-4FA8-960E-DBA28FFCF371}.Debug|x64.ActiveCfg = Debug|Any CPU
		{D945B319-CF54-4FA8-960E-DBA28FFCF371}.Debug|x64.Build.0 = Debug|Any CPU
		{D945B319-CF54-4FA8-960E-DBA28FFCF371}.Debug|x86.ActiveCfg = Debug|Any CPU
		{D945B319-CF54-4FA8-960E-DBA28FFCF371}.Debug|x86.Build.0 = Debug|Any CPU
		{D945B319-CF54-4FA8-960E-DBA28FFCF371}.Release|Any CPU.ActiveCfg = Release|Any CPU
		{D945B319-CF54-4FA8-960E-DBA28FFCF371}.Release|Any CPU.Build.0 = Release|Any CPU
		{D945B319-CF54-4FA8-960E-DBA28FFCF371}.Release|x64.ActiveCfg = Release|Any CPU
		{D945B319-CF54-4FA8-960E-DBA28FFCF371}.Release|x64.Build.0 = Release|Any CPU
		{D945B319-CF54-4FA8-960E-DBA28FFCF371}.Release|x86.ActiveCfg = Release|Any CPU
		{D945B319-CF54-4FA8-960E-DBA28FFCF371}.Release|x86.Build.0 = Release|Any CPU
		{A66FF538-B5BA-4043-8A58-CDAE4D8B9F78}.Debug|Any CPU.ActiveCfg = Debug|Any CPU
		{A66FF538-B5BA-4043-8A58-CDAE4D8B9F78}.Debug|Any CPU.Build.0 = Debug|Any CPU
		{A66FF538-B5BA-4043-8A58-CDAE4D8B9F78}.Debug|x64.ActiveCfg = Debug|Any CPU
		{A66FF538-B5BA-4043-8A58-CDAE4D8B9F78}.Debug|x64.Build.0 = Debug|Any CPU
		{A66FF538-B5BA-4043-8A58-CDAE4D8B9F78}.Debug|x86.ActiveCfg = Debug|Any CPU
		{A66FF538-B5BA-4043-8A58-CDAE4D8B9F78}.Debug|x86.Build.0 = Debug|Any CPU
		{A66FF538-B5BA-4043-8A58-CDAE4D8B9F78}.Release|Any CPU.ActiveCfg = Release|Any CPU
		{A66FF538-B5BA-4043-8A58-CDAE4D8B9F78}.Release|Any CPU.Build.0 = Release|Any CPU
		{A66FF538-B5BA-4043-8A58-CDAE4D8B9F78}.Release|x64.ActiveCfg = Release|Any CPU
		{A66FF538-B5BA-4043-8A58-CDAE4D8B9F78}.Release|x64.Build.0 = Release|Any CPU
		{A66FF538-B5BA-4043-8A58-CDAE4D8B9F78}.Release|x86.ActiveCfg = Release|Any CPU
		{A66FF538-B5BA-4043-8A58-CDAE4D8B9F78}.Release|x86.Build.0 = Release|Any CPU
		{07C0563F-9AEE-4F80-AFBE-4620212B3DD1}.Debug|Any CPU.ActiveCfg = Debug|Any CPU
		{07C0563F-9AEE-4F80-AFBE-4620212B3DD1}.Debug|Any CPU.Build.0 = Debug|Any CPU
		{07C0563F-9AEE-4F80-AFBE-4620212B3DD1}.Debug|x64.ActiveCfg = Debug|Any CPU
		{07C0563F-9AEE-4F80-AFBE-4620212B3DD1}.Debug|x64.Build.0 = Debug|Any CPU
		{07C0563F-9AEE-4F80-AFBE-4620212B3DD1}.Debug|x86.ActiveCfg = Debug|Any CPU
		{07C0563F-9AEE-4F80-AFBE-4620212B3DD1}.Debug|x86.Build.0 = Debug|Any CPU
		{07C0563F-9AEE-4F80-AFBE-4620212B3DD1}.Release|Any CPU.ActiveCfg = Release|Any CPU
		{07C0563F-9AEE-4F80-AFBE-4620212B3DD1}.Release|Any CPU.Build.0 = Release|Any CPU
		{07C0563F-9AEE-4F80-AFBE-4620212B3DD1}.Release|x64.ActiveCfg = Release|Any CPU
		{07C0563F-9AEE-4F80-AFBE-4620212B3DD1}.Release|x64.Build.0 = Release|Any CPU
		{07C0563F-9AEE-4F80-AFBE-4620212B3DD1}.Release|x86.ActiveCfg = Release|Any CPU
		{07C0563F-9AEE-4F80-AFBE-4620212B3DD1}.Release|x86.Build.0 = Release|Any CPU
		{C5078AE9-7A79-4722-86DA-8E3C8A563005}.Debug|Any CPU.ActiveCfg = Debug|Any CPU
		{C5078AE9-7A79-4722-86DA-8E3C8A563005}.Debug|Any CPU.Build.0 = Debug|Any CPU
		{C5078AE9-7A79-4722-86DA-8E3C8A563005}.Debug|x64.ActiveCfg = Debug|Any CPU
		{C5078AE9-7A79-4722-86DA-8E3C8A563005}.Debug|x64.Build.0 = Debug|Any CPU
		{C5078AE9-7A79-4722-86DA-8E3C8A563005}.Debug|x86.ActiveCfg = Debug|Any CPU
		{C5078AE9-7A79-4722-86DA-8E3C8A563005}.Debug|x86.Build.0 = Debug|Any CPU
		{C5078AE9-7A79-4722-86DA-8E3C8A563005}.Release|Any CPU.ActiveCfg = Release|Any CPU
		{C5078AE9-7A79-4722-86DA-8E3C8A563005}.Release|Any CPU.Build.0 = Release|Any CPU
		{C5078AE9-7A79-4722-86DA-8E3C8A563005}.Release|x64.ActiveCfg = Release|Any CPU
		{C5078AE9-7A79-4722-86DA-8E3C8A563005}.Release|x64.Build.0 = Release|Any CPU
		{C5078AE9-7A79-4722-86DA-8E3C8A563005}.Release|x86.ActiveCfg = Release|Any CPU
		{C5078AE9-7A79-4722-86DA-8E3C8A563005}.Release|x86.Build.0 = Release|Any CPU
		{58663CDE-D4C4-4B30-974E-EF7227D8B245}.Debug|Any CPU.ActiveCfg = Debug|Any CPU
		{58663CDE-D4C4-4B30-974E-EF7227D8B245}.Debug|Any CPU.Build.0 = Debug|Any CPU
		{58663CDE-D4C4-4B30-974E-EF7227D8B245}.Debug|x64.ActiveCfg = Debug|Any CPU
		{58663CDE-D4C4-4B30-974E-EF7227D8B245}.Debug|x64.Build.0 = Debug|Any CPU
		{58663CDE-D4C4-4B30-974E-EF7227D8B245}.Debug|x86.ActiveCfg = Debug|Any CPU
		{58663CDE-D4C4-4B30-974E-EF7227D8B245}.Debug|x86.Build.0 = Debug|Any CPU
		{58663CDE-D4C4-4B30-974E-EF7227D8B245}.Release|Any CPU.ActiveCfg = Release|Any CPU
		{58663CDE-D4C4-4B30-974E-EF7227D8B245}.Release|Any CPU.Build.0 = Release|Any CPU
		{58663CDE-D4C4-4B30-974E-EF7227D8B245}.Release|x64.ActiveCfg = Release|Any CPU
		{58663CDE-D4C4-4B30-974E-EF7227D8B245}.Release|x64.Build.0 = Release|Any CPU
		{58663CDE-D4C4-4B30-974E-EF7227D8B245}.Release|x86.ActiveCfg = Release|Any CPU
		{58663CDE-D4C4-4B30-974E-EF7227D8B245}.Release|x86.Build.0 = Release|Any CPU
		{E231C5F9-2BF4-445C-AEE7-8E43574F981C}.Debug|Any CPU.ActiveCfg = Debug|Any CPU
		{E231C5F9-2BF4-445C-AEE7-8E43574F981C}.Debug|Any CPU.Build.0 = Debug|Any CPU
		{E231C5F9-2BF4-445C-AEE7-8E43574F981C}.Debug|x64.ActiveCfg = Debug|Any CPU
		{E231C5F9-2BF4-445C-AEE7-8E43574F981C}.Debug|x64.Build.0 = Debug|Any CPU
		{E231C5F9-2BF4-445C-AEE7-8E43574F981C}.Debug|x86.ActiveCfg = Debug|Any CPU
		{E231C5F9-2BF4-445C-AEE7-8E43574F981C}.Debug|x86.Build.0 = Debug|Any CPU
		{E231C5F9-2BF4-445C-AEE7-8E43574F981C}.Release|Any CPU.ActiveCfg = Release|Any CPU
		{E231C5F9-2BF4-445C-AEE7-8E43574F981C}.Release|Any CPU.Build.0 = Release|Any CPU
		{E231C5F9-2BF4-445C-AEE7-8E43574F981C}.Release|x64.ActiveCfg = Release|Any CPU
		{E231C5F9-2BF4-445C-AEE7-8E43574F981C}.Release|x64.Build.0 = Release|Any CPU
		{E231C5F9-2BF4-445C-AEE7-8E43574F981C}.Release|x86.ActiveCfg = Release|Any CPU
		{E231C5F9-2BF4-445C-AEE7-8E43574F981C}.Release|x86.Build.0 = Release|Any CPU
	EndGlobalSection
	GlobalSection(SolutionProperties) = preSolution
		HideSolutionNode = FALSE
	EndGlobalSection
	GlobalSection(NestedProjects) = preSolution
		{C55DF32D-49A5-41CC-8074-BA9CBB8875D1} = {F06FBAF5-3940-4277-8AFE-BEB96E19BA6E}
		{38AE006E-D8E6-47B1-AEF6-D021F0237878} = {F06FBAF5-3940-4277-8AFE-BEB96E19BA6E}
		{2544C00B-552F-41D5-83AB-9513D8301A04} = {F06FBAF5-3940-4277-8AFE-BEB96E19BA6E}
		{CC12D024-B83D-4625-8EEB-13FB874C1D6D} = {F06FBAF5-3940-4277-8AFE-BEB96E19BA6E}
		{4F142F96-9086-4AAF-B411-FF09C99DF4AF} = {F06FBAF5-3940-4277-8AFE-BEB96E19BA6E}
		{262F8CDF-F45D-47D0-A25D-886A8254710D} = {F06FBAF5-3940-4277-8AFE-BEB96E19BA6E}
		{BE43B344-9E13-4F78-9199-A9E5D0B54776} = {F06FBAF5-3940-4277-8AFE-BEB96E19BA6E}
		{505C8167-2D4B-46BF-AAE2-5FF1A241470C} = {F06FBAF5-3940-4277-8AFE-BEB96E19BA6E}
		{9E55AE64-E6D8-419B-AF0B-247450046618} = {F06FBAF5-3940-4277-8AFE-BEB96E19BA6E}
		{0509470B-90E9-4C2E-88FA-E5AF51EFE5F6} = {F06FBAF5-3940-4277-8AFE-BEB96E19BA6E}
		{BC3D6640-676E-4D5D-918C-85A1F11BF69A} = {F06FBAF5-3940-4277-8AFE-BEB96E19BA6E}
		{3376995E-5A32-46BA-BE9A-48537FF1D5C0} = {F06FBAF5-3940-4277-8AFE-BEB96E19BA6E}
		{08BC1B7B-5B15-4D81-9307-747FB4B81101} = {F06FBAF5-3940-4277-8AFE-BEB96E19BA6E}
		{5598D4B4-5603-4211-B36A-BFE45BEAFC84} = {F06FBAF5-3940-4277-8AFE-BEB96E19BA6E}
		{EC2B75B2-5757-45C7-B746-0994A912A1BD} = {F06FBAF5-3940-4277-8AFE-BEB96E19BA6E}
		{AF00CEF9-B135-4137-B86D-768CC9E0F798} = {F06FBAF5-3940-4277-8AFE-BEB96E19BA6E}
		{DFE636A2-0D36-4D00-9100-84C6BA7FBD04} = {F06FBAF5-3940-4277-8AFE-BEB96E19BA6E}
		{7CBA3625-2B0E-42D4-9A84-0C275EA08BAF} = {F06FBAF5-3940-4277-8AFE-BEB96E19BA6E}
		{8576B3B7-5799-407E-80FD-45A2D4661C75} = {F06FBAF5-3940-4277-8AFE-BEB96E19BA6E}
		{E1784E33-714A-4C4B-AEB9-B0D1269E132F} = {F06FBAF5-3940-4277-8AFE-BEB96E19BA6E}
		{2A14EEE9-C4FF-4495-B4F7-5F65283B8F5C} = {F06FBAF5-3940-4277-8AFE-BEB96E19BA6E}
		{23A37F5C-0463-4C0B-930C-F7EE3B238344} = {F06FBAF5-3940-4277-8AFE-BEB96E19BA6E}
		{70CAB75B-123A-465E-8CE7-5E595BBC2569} = {F06FBAF5-3940-4277-8AFE-BEB96E19BA6E}
		{4E0699A1-06E3-4027-A596-DA00613230BD} = {F06FBAF5-3940-4277-8AFE-BEB96E19BA6E}
		{8C72BCBD-3AF2-42EF-BF4E-DA3A8F2BAABB} = {F06FBAF5-3940-4277-8AFE-BEB96E19BA6E}
		{CCAECDD1-CEE9-4694-B8D6-C1D3DD356247} = {F06FBAF5-3940-4277-8AFE-BEB96E19BA6E}
		{66FC9E41-E849-402C-B85E-7D6ED9AF0421} = {F06FBAF5-3940-4277-8AFE-BEB96E19BA6E}
		{64B495FB-BBCB-493F-8274-977A1464DD6F} = {F06FBAF5-3940-4277-8AFE-BEB96E19BA6E}
		{D945B319-CF54-4FA8-960E-DBA28FFCF371} = {F06FBAF5-3940-4277-8AFE-BEB96E19BA6E}
		{C5078AE9-7A79-4722-86DA-8E3C8A563005} = {F06FBAF5-3940-4277-8AFE-BEB96E19BA6E}
	EndGlobalSection
	GlobalSection(ExtensibilityGlobals) = postSolution
		SolutionGuid = {80AC36A3-A9F7-42B1-9A48-6BEA8B2597FF}
	EndGlobalSection
EndGlobal
